
Microsoft Visual Studio Solution File, Format Version 12.00
# Visual Studio 2013
VisualStudioVersion = 12.0.31101.0
MinimumVisualStudioVersion = 10.0.40219.1
Project("{FAE04EC0-301F-11D3-BF4B-00C04F79EFBC}") = "PatternMatching", "PatternMatching\PatternMatching.csproj", "{6B142876-1AF1-47BE-BDAD-335BD7636AD9}"
EndProject
Project("{FAE04EC0-301F-11D3-BF4B-00C04F79EFBC}") = "PatternMatching.UnitTests", "PatternMatching.UnitTests\PatternMatching.UnitTests.csproj", "{021E7F98-D0CB-4F36-BC64-437EC958BD1F}"
EndProject
Project("{FAE04EC0-301F-11D3-BF4B-00C04F79EFBC}") = "Sample", "Sample\Sample.csproj", "{E72BD785-DB38-439B-8CFD-BC8CB39A5B2E}"
EndProject
Global
	GlobalSection(SolutionConfigurationPlatforms) = preSolution
		Debug|Any CPU = Debug|Any CPU
		Release|Any CPU = Release|Any CPU
	EndGlobalSection
	GlobalSection(ProjectConfigurationPlatforms) = postSolution
		{6B142876-1AF1-47BE-BDAD-335BD7636AD9}.Debug|Any CPU.ActiveCfg = Debug|Any CPU
		{6B142876-1AF1-47BE-BDAD-335BD7636AD9}.Debug|Any CPU.Build.0 = Debug|Any CPU
		{6B142876-1AF1-47BE-BDAD-335BD7636AD9}.Release|Any CPU.ActiveCfg = Release|Any CPU
		{6B142876-1AF1-47BE-BDAD-335BD7636AD9}.Release|Any CPU.Build.0 = Release|Any CPU
		{021E7F98-D0CB-4F36-BC64-437EC958BD1F}.Debug|Any CPU.ActiveCfg = Debug|Any CPU
		{021E7F98-D0CB-4F36-BC64-437EC958BD1F}.Debug|Any CPU.Build.0 = Debug|Any CPU
		{021E7F98-D0CB-4F36-BC64-437EC958BD1F}.Release|Any CPU.ActiveCfg = Release|Any CPU
		{021E7F98-D0CB-4F36-BC64-437EC958BD1F}.Release|Any CPU.Build.0 = Release|Any CPU
		{E72BD785-DB38-439B-8CFD-BC8CB39A5B2E}.Debug|Any CPU.ActiveCfg = Debug|Any CPU
		{E72BD785-DB38-439B-8CFD-BC8CB39A5B2E}.Debug|Any CPU.Build.0 = Debug|Any CPU
		{E72BD785-DB38-439B-8CFD-BC8CB39A5B2E}.Release|Any CPU.ActiveCfg = Release|Any CPU
		{E72BD785-DB38-439B-8CFD-BC8CB39A5B2E}.Release|Any CPU.Build.0 = Release|Any CPU
	EndGlobalSection
	GlobalSection(SolutionProperties) = preSolution
		HideSolutionNode = FALSE
	EndGlobalSection
EndGlobal
